
Microsoft Visual Studio Solution File, Format Version 12.00
# Visual Studio 15
VisualStudioVersion = 15.0.27130.2027
MinimumVisualStudioVersion = 10.0.40219.1
Project("{FAE04EC0-301F-11D3-BF4B-00C04F79EFBC}") = "ManufacturingEOL.Data", "ManufacturingEOL.Data\ManufacturingEOL.Data.csproj", "{90294680-52B8-4DCF-9161-7BBD78B66231}"
EndProject
Global
	GlobalSection(SolutionConfigurationPlatforms) = preSolution
		Debug|Any CPU = Debug|Any CPU
		Release|Any CPU = Release|Any CPU
	EndGlobalSection
	GlobalSection(ProjectConfigurationPlatforms) = postSolution
		{90294680-52B8-4DCF-9161-7BBD78B66231}.Debug|Any CPU.ActiveCfg = Debug|Any CPU
		{90294680-52B8-4DCF-9161-7BBD78B66231}.Debug|Any CPU.Build.0 = Debug|Any CPU
		{90294680-52B8-4DCF-9161-7BBD78B66231}.Release|Any CPU.ActiveCfg = Release|Any CPU
		{90294680-52B8-4DCF-9161-7BBD78B66231}.Release|Any CPU.Build.0 = Release|Any CPU
	EndGlobalSection
	GlobalSection(SolutionProperties) = preSolution
		HideSolutionNode = FALSE
	EndGlobalSection
	GlobalSection(ExtensibilityGlobals) = postSolution
		SolutionGuid = {1E762D80-8AB0-43CA-AA87-036D988A721E}
	EndGlobalSection
EndGlobal
